// !$*UTF8*$!
{
	archiveVersion = 1;
	classes = {
	};
	objectVersion = 56;
	objects = {

/* Begin PBXBuildFile section */
		714ABFBB2911A32400767D11 /* VideoModel.swift in Sources */ = {isa = PBXBuildFile; fileRef = 714ABFBA2911A32400767D11 /* VideoModel.swift */; };
		714ABFBD2911A37000767D11 /* VideoListItemView.swift in Sources */ = {isa = PBXBuildFile; fileRef = 714ABFBC2911A37000767D11 /* VideoListItemView.swift */; };
		714ABFBF2911AAE500767D11 /* VideoPlayerView.swift in Sources */ = {isa = PBXBuildFile; fileRef = 714ABFBE2911AAE500767D11 /* VideoPlayerView.swift */; };
		714ABFC42911ABCD00767D11 /* VideoPlayerHelper.swift in Sources */ = {isa = PBXBuildFile; fileRef = 714ABFC32911ABCD00767D11 /* VideoPlayerHelper.swift */; };
		714ABFC62911AF2A00767D11 /* LocationModel.swift in Sources */ = {isa = PBXBuildFile; fileRef = 714ABFC52911AF2A00767D11 /* LocationModel.swift */; };
		71E864BC29112D08000A2FDE /* africaApp.swift in Sources */ = {isa = PBXBuildFile; fileRef = 71E864BB29112D08000A2FDE /* africaApp.swift */; };
		71E864BE29112D08000A2FDE /* ContentView.swift in Sources */ = {isa = PBXBuildFile; fileRef = 71E864BD29112D08000A2FDE /* ContentView.swift */; };
		71E864C029112D08000A2FDE /* Assets.xcassets in Resources */ = {isa = PBXBuildFile; fileRef = 71E864BF29112D08000A2FDE /* Assets.xcassets */; };
		71E864C329112D08000A2FDE /* Preview Assets.xcassets in Resources */ = {isa = PBXBuildFile; fileRef = 71E864C229112D08000A2FDE /* Preview Assets.xcassets */; };
		71E864D429112E95000A2FDE /* lion.mp4 in Resources */ = {isa = PBXBuildFile; fileRef = 71E864CA29112E93000A2FDE /* lion.mp4 */; };
		71E864D529112E95000A2FDE /* elephant.mp4 in Resources */ = {isa = PBXBuildFile; fileRef = 71E864CB29112E94000A2FDE /* elephant.mp4 */; };
		71E864D629112E95000A2FDE /* cheetah.mp4 in Resources */ = {isa = PBXBuildFile; fileRef = 71E864CC29112E94000A2FDE /* cheetah.mp4 */; };
		71E864D729112E95000A2FDE /* lioness.mp4 in Resources */ = {isa = PBXBuildFile; fileRef = 71E864CD29112E94000A2FDE /* lioness.mp4 */; };
		71E864D829112E95000A2FDE /* ostrich.mp4 in Resources */ = {isa = PBXBuildFile; fileRef = 71E864CE29112E94000A2FDE /* ostrich.mp4 */; };
		71E864D929112E95000A2FDE /* zebra.mp4 in Resources */ = {isa = PBXBuildFile; fileRef = 71E864CF29112E94000A2FDE /* zebra.mp4 */; };
		71E864DA29112E95000A2FDE /* gorilla.mp4 in Resources */ = {isa = PBXBuildFile; fileRef = 71E864D029112E95000A2FDE /* gorilla.mp4 */; };
		71E864DB29112E95000A2FDE /* giraffe.mp4 in Resources */ = {isa = PBXBuildFile; fileRef = 71E864D129112E95000A2FDE /* giraffe.mp4 */; };
		71E864DC29112E95000A2FDE /* hippo.mp4 in Resources */ = {isa = PBXBuildFile; fileRef = 71E864D229112E95000A2FDE /* hippo.mp4 */; };
		71E864DD29112E95000A2FDE /* rhino.mp4 in Resources */ = {isa = PBXBuildFile; fileRef = 71E864D329112E95000A2FDE /* rhino.mp4 */; };
		71E864E329112EC3000A2FDE /* covers.json in Resources */ = {isa = PBXBuildFile; fileRef = 71E864DF29112EC3000A2FDE /* covers.json */; };
		71E864E429112EC3000A2FDE /* locations.json in Resources */ = {isa = PBXBuildFile; fileRef = 71E864E029112EC3000A2FDE /* locations.json */; };
		71E864E529112EC3000A2FDE /* animals.json in Resources */ = {isa = PBXBuildFile; fileRef = 71E864E129112EC3000A2FDE /* animals.json */; };
		71E864E629112EC3000A2FDE /* videos.json in Resources */ = {isa = PBXBuildFile; fileRef = 71E864E229112EC3000A2FDE /* videos.json */; };
		71E864EA2911302A000A2FDE /* VideoListView.swift in Sources */ = {isa = PBXBuildFile; fileRef = 71E864E92911302A000A2FDE /* VideoListView.swift */; };
		71E864EC29113049000A2FDE /* MapView.swift in Sources */ = {isa = PBXBuildFile; fileRef = 71E864EB29113049000A2FDE /* MapView.swift */; };
		71E864EE2911306A000A2FDE /* GalleryView.swift in Sources */ = {isa = PBXBuildFile; fileRef = 71E864ED2911306A000A2FDE /* GalleryView.swift */; };
		71E864F02911307E000A2FDE /* MainView.swift in Sources */ = {isa = PBXBuildFile; fileRef = 71E864EF2911307E000A2FDE /* MainView.swift */; };
		71E864F32911366E000A2FDE /* CoverImageView.swift in Sources */ = {isa = PBXBuildFile; fileRef = 71E864F22911366E000A2FDE /* CoverImageView.swift */; };
		71E864F629113A61000A2FDE /* CoverImageModel.swift in Sources */ = {isa = PBXBuildFile; fileRef = 71E864F529113A61000A2FDE /* CoverImageModel.swift */; };
		71E864F929113F04000A2FDE /* CodableBundleExtension.swift in Sources */ = {isa = PBXBuildFile; fileRef = 71E864F829113F04000A2FDE /* CodableBundleExtension.swift */; };
		71E864FB29115B9C000A2FDE /* AnimalListItemView.swift in Sources */ = {isa = PBXBuildFile; fileRef = 71E864FA29115B9C000A2FDE /* AnimalListItemView.swift */; };
		71E864FD29115D3B000A2FDE /* AnimalModel.swift in Sources */ = {isa = PBXBuildFile; fileRef = 71E864FC29115D3B000A2FDE /* AnimalModel.swift */; };
		71E864FF2911606C000A2FDE /* AnimalDetailView.swift in Sources */ = {isa = PBXBuildFile; fileRef = 71E864FE2911606C000A2FDE /* AnimalDetailView.swift */; };
		71E8650129116243000A2FDE /* HeadingView.swift in Sources */ = {isa = PBXBuildFile; fileRef = 71E8650029116243000A2FDE /* HeadingView.swift */; };
		71E865032911630D000A2FDE /* InsetGalleryView.swift in Sources */ = {isa = PBXBuildFile; fileRef = 71E865022911630C000A2FDE /* InsetGalleryView.swift */; };
		71E865052911681A000A2FDE /* InsetFactView.swift in Sources */ = {isa = PBXBuildFile; fileRef = 71E865042911681A000A2FDE /* InsetFactView.swift */; };
		71E8650729116AD9000A2FDE /* InsetMapView.swift in Sources */ = {isa = PBXBuildFile; fileRef = 71E8650629116AD9000A2FDE /* InsetMapView.swift */; };
		71E8650929116FAC000A2FDE /* ExternalWeblinkView.swift in Sources */ = {isa = PBXBuildFile; fileRef = 71E8650829116FAC000A2FDE /* ExternalWeblinkView.swift */; };
/* End PBXBuildFile section */

/* Begin PBXFileReference section */
		714ABFBA2911A32400767D11 /* VideoModel.swift */ = {isa = PBXFileReference; lastKnownFileType = sourcecode.swift; path = VideoModel.swift; sourceTree = "<group>"; };
		714ABFBC2911A37000767D11 /* VideoListItemView.swift */ = {isa = PBXFileReference; lastKnownFileType = sourcecode.swift; path = VideoListItemView.swift; sourceTree = "<group>"; };
		714ABFBE2911AAE500767D11 /* VideoPlayerView.swift */ = {isa = PBXFileReference; lastKnownFileType = sourcecode.swift; path = VideoPlayerView.swift; sourceTree = "<group>"; };
		714ABFC32911ABCD00767D11 /* VideoPlayerHelper.swift */ = {isa = PBXFileReference; lastKnownFileType = sourcecode.swift; path = VideoPlayerHelper.swift; sourceTree = "<group>"; };
		714ABFC52911AF2A00767D11 /* LocationModel.swift */ = {isa = PBXFileReference; lastKnownFileType = sourcecode.swift; path = LocationModel.swift; sourceTree = "<group>"; };
		71E864B829112D08000A2FDE /* africa.app */ = {isa = PBXFileReference; explicitFileType = wrapper.application; includeInIndex = 0; path = africa.app; sourceTree = BUILT_PRODUCTS_DIR; };
		71E864BB29112D08000A2FDE /* africaApp.swift */ = {isa = PBXFileReference; lastKnownFileType = sourcecode.swift; path = africaApp.swift; sourceTree = "<group>"; };
		71E864BD29112D08000A2FDE /* ContentView.swift */ = {isa = PBXFileReference; lastKnownFileType = sourcecode.swift; path = ContentView.swift; sourceTree = "<group>"; };
		71E864BF29112D08000A2FDE /* Assets.xcassets */ = {isa = PBXFileReference; lastKnownFileType = folder.assetcatalog; path = Assets.xcassets; sourceTree = "<group>"; };
		71E864C229112D08000A2FDE /* Preview Assets.xcassets */ = {isa = PBXFileReference; lastKnownFileType = folder.assetcatalog; path = "Preview Assets.xcassets"; sourceTree = "<group>"; };
		71E864CA29112E93000A2FDE /* lion.mp4 */ = {isa = PBXFileReference; lastKnownFileType = file; path = lion.mp4; sourceTree = "<group>"; };
		71E864CB29112E94000A2FDE /* elephant.mp4 */ = {isa = PBXFileReference; lastKnownFileType = file; path = elephant.mp4; sourceTree = "<group>"; };
		71E864CC29112E94000A2FDE /* cheetah.mp4 */ = {isa = PBXFileReference; lastKnownFileType = file; path = cheetah.mp4; sourceTree = "<group>"; };
		71E864CD29112E94000A2FDE /* lioness.mp4 */ = {isa = PBXFileReference; lastKnownFileType = file; path = lioness.mp4; sourceTree = "<group>"; };
		71E864CE29112E94000A2FDE /* ostrich.mp4 */ = {isa = PBXFileReference; lastKnownFileType = file; path = ostrich.mp4; sourceTree = "<group>"; };
		71E864CF29112E94000A2FDE /* zebra.mp4 */ = {isa = PBXFileReference; lastKnownFileType = file; path = zebra.mp4; sourceTree = "<group>"; };
		71E864D029112E95000A2FDE /* gorilla.mp4 */ = {isa = PBXFileReference; lastKnownFileType = file; path = gorilla.mp4; sourceTree = "<group>"; };
		71E864D129112E95000A2FDE /* giraffe.mp4 */ = {isa = PBXFileReference; lastKnownFileType = file; path = giraffe.mp4; sourceTree = "<group>"; };
		71E864D229112E95000A2FDE /* hippo.mp4 */ = {isa = PBXFileReference; lastKnownFileType = file; path = hippo.mp4; sourceTree = "<group>"; };
		71E864D329112E95000A2FDE /* rhino.mp4 */ = {isa = PBXFileReference; lastKnownFileType = file; path = rhino.mp4; sourceTree = "<group>"; };
		71E864DF29112EC3000A2FDE /* covers.json */ = {isa = PBXFileReference; fileEncoding = 4; lastKnownFileType = text.json; path = covers.json; sourceTree = "<group>"; };
		71E864E029112EC3000A2FDE /* locations.json */ = {isa = PBXFileReference; fileEncoding = 4; lastKnownFileType = text.json; path = locations.json; sourceTree = "<group>"; };
		71E864E129112EC3000A2FDE /* animals.json */ = {isa = PBXFileReference; fileEncoding = 4; lastKnownFileType = text.json; path = animals.json; sourceTree = "<group>"; };
		71E864E229112EC3000A2FDE /* videos.json */ = {isa = PBXFileReference; fileEncoding = 4; lastKnownFileType = text.json; path = videos.json; sourceTree = "<group>"; };
		71E864E729112F60000A2FDE /* Info.plist */ = {isa = PBXFileReference; lastKnownFileType = text.plist; path = Info.plist; sourceTree = "<group>"; };
		71E864E92911302A000A2FDE /* VideoListView.swift */ = {isa = PBXFileReference; lastKnownFileType = sourcecode.swift; path = VideoListView.swift; sourceTree = "<group>"; };
		71E864EB29113049000A2FDE /* MapView.swift */ = {isa = PBXFileReference; lastKnownFileType = sourcecode.swift; path = MapView.swift; sourceTree = "<group>"; };
		71E864ED2911306A000A2FDE /* GalleryView.swift */ = {isa = PBXFileReference; lastKnownFileType = sourcecode.swift; path = GalleryView.swift; sourceTree = "<group>"; };
		71E864EF2911307E000A2FDE /* MainView.swift */ = {isa = PBXFileReference; lastKnownFileType = sourcecode.swift; path = MainView.swift; sourceTree = "<group>"; };
		71E864F22911366E000A2FDE /* CoverImageView.swift */ = {isa = PBXFileReference; lastKnownFileType = sourcecode.swift; path = CoverImageView.swift; sourceTree = "<group>"; };
		71E864F529113A61000A2FDE /* CoverImageModel.swift */ = {isa = PBXFileReference; lastKnownFileType = sourcecode.swift; path = CoverImageModel.swift; sourceTree = "<group>"; };
		71E864F829113F04000A2FDE /* CodableBundleExtension.swift */ = {isa = PBXFileReference; lastKnownFileType = sourcecode.swift; path = CodableBundleExtension.swift; sourceTree = "<group>"; };
		71E864FA29115B9C000A2FDE /* AnimalListItemView.swift */ = {isa = PBXFileReference; lastKnownFileType = sourcecode.swift; path = AnimalListItemView.swift; sourceTree = "<group>"; };
		71E864FC29115D3B000A2FDE /* AnimalModel.swift */ = {isa = PBXFileReference; lastKnownFileType = sourcecode.swift; path = AnimalModel.swift; sourceTree = "<group>"; };
		71E864FE2911606C000A2FDE /* AnimalDetailView.swift */ = {isa = PBXFileReference; lastKnownFileType = sourcecode.swift; path = AnimalDetailView.swift; sourceTree = "<group>"; };
		71E8650029116243000A2FDE /* HeadingView.swift */ = {isa = PBXFileReference; lastKnownFileType = sourcecode.swift; path = HeadingView.swift; sourceTree = "<group>"; };
		71E865022911630C000A2FDE /* InsetGalleryView.swift */ = {isa = PBXFileReference; lastKnownFileType = sourcecode.swift; path = InsetGalleryView.swift; sourceTree = "<group>"; };
		71E865042911681A000A2FDE /* InsetFactView.swift */ = {isa = PBXFileReference; lastKnownFileType = sourcecode.swift; path = InsetFactView.swift; sourceTree = "<group>"; };
		71E8650629116AD9000A2FDE /* InsetMapView.swift */ = {isa = PBXFileReference; lastKnownFileType = sourcecode.swift; path = InsetMapView.swift; sourceTree = "<group>"; };
		71E8650829116FAC000A2FDE /* ExternalWeblinkView.swift */ = {isa = PBXFileReference; lastKnownFileType = sourcecode.swift; path = ExternalWeblinkView.swift; sourceTree = "<group>"; };
/* End PBXFileReference section */

/* Begin PBXFrameworksBuildPhase section */
		71E864B529112D08000A2FDE /* Frameworks */ = {
			isa = PBXFrameworksBuildPhase;
			buildActionMask = 2147483647;
			files = (
			);
			runOnlyForDeploymentPostprocessing = 0;
		};
/* End PBXFrameworksBuildPhase section */

/* Begin PBXGroup section */
		714ABFC22911ABB700767D11 /* Utility */ = {
			isa = PBXGroup;
			children = (
				714ABFC32911ABCD00767D11 /* VideoPlayerHelper.swift */,
			);
			path = Utility;
			sourceTree = "<group>";
		};
		71E864AF29112D08000A2FDE = {
			isa = PBXGroup;
			children = (
				71E864BA29112D08000A2FDE /* africa */,
				71E864B929112D08000A2FDE /* Products */,
			);
			sourceTree = "<group>";
		};
		71E864B929112D08000A2FDE /* Products */ = {
			isa = PBXGroup;
			children = (
				71E864B829112D08000A2FDE /* africa.app */,
			);
			name = Products;
			sourceTree = "<group>";
		};
		71E864BA29112D08000A2FDE /* africa */ = {
			isa = PBXGroup;
			children = (
				714ABFC22911ABB700767D11 /* Utility */,
				71E864F729113EEA000A2FDE /* Extension */,
				71E864F429113A3C000A2FDE /* Model */,
				71E864F129113661000A2FDE /* View */,
				71E864E729112F60000A2FDE /* Info.plist */,
				71E864DE29112EAD000A2FDE /* Data */,
				71E864C929112E6A000A2FDE /* Video */,
				71E864E829112FF0000A2FDE /* App */,
				71E864BF29112D08000A2FDE /* Assets.xcassets */,
				71E864C129112D08000A2FDE /* Preview Content */,
			);
			path = africa;
			sourceTree = "<group>";
		};
		71E864C129112D08000A2FDE /* Preview Content */ = {
			isa = PBXGroup;
			children = (
				71E864C229112D08000A2FDE /* Preview Assets.xcassets */,
			);
			path = "Preview Content";
			sourceTree = "<group>";
		};
		71E864C929112E6A000A2FDE /* Video */ = {
			isa = PBXGroup;
			children = (
				71E864CC29112E94000A2FDE /* cheetah.mp4 */,
				71E864CB29112E94000A2FDE /* elephant.mp4 */,
				71E864D129112E95000A2FDE /* giraffe.mp4 */,
				71E864D029112E95000A2FDE /* gorilla.mp4 */,
				71E864D229112E95000A2FDE /* hippo.mp4 */,
				71E864CA29112E93000A2FDE /* lion.mp4 */,
				71E864CD29112E94000A2FDE /* lioness.mp4 */,
				71E864CE29112E94000A2FDE /* ostrich.mp4 */,
				71E864D329112E95000A2FDE /* rhino.mp4 */,
				71E864CF29112E94000A2FDE /* zebra.mp4 */,
			);
			path = Video;
			sourceTree = "<group>";
		};
		71E864DE29112EAD000A2FDE /* Data */ = {
			isa = PBXGroup;
			children = (
				71E864E129112EC3000A2FDE /* animals.json */,
				71E864DF29112EC3000A2FDE /* covers.json */,
				71E864E029112EC3000A2FDE /* locations.json */,
				71E864E229112EC3000A2FDE /* videos.json */,
			);
			path = Data;
			sourceTree = "<group>";
		};
		71E864E829112FF0000A2FDE /* App */ = {
			isa = PBXGroup;
			children = (
				71E864BB29112D08000A2FDE /* africaApp.swift */,
				71E864BD29112D08000A2FDE /* ContentView.swift */,
				71E864E92911302A000A2FDE /* VideoListView.swift */,
				71E864EB29113049000A2FDE /* MapView.swift */,
				71E864ED2911306A000A2FDE /* GalleryView.swift */,
				71E864EF2911307E000A2FDE /* MainView.swift */,
			);
			path = App;
			sourceTree = "<group>";
		};
		71E864F129113661000A2FDE /* View */ = {
			isa = PBXGroup;
			children = (
				71E864F22911366E000A2FDE /* CoverImageView.swift */,
				71E864FA29115B9C000A2FDE /* AnimalListItemView.swift */,
				71E864FE2911606C000A2FDE /* AnimalDetailView.swift */,
				71E8650029116243000A2FDE /* HeadingView.swift */,
				71E865022911630C000A2FDE /* InsetGalleryView.swift */,
				71E865042911681A000A2FDE /* InsetFactView.swift */,
				71E8650629116AD9000A2FDE /* InsetMapView.swift */,
				71E8650829116FAC000A2FDE /* ExternalWeblinkView.swift */,
				714ABFBC2911A37000767D11 /* VideoListItemView.swift */,
				714ABFBE2911AAE500767D11 /* VideoPlayerView.swift */,
			);
			path = View;
			sourceTree = "<group>";
		};
		71E864F429113A3C000A2FDE /* Model */ = {
			isa = PBXGroup;
			children = (
				71E864F529113A61000A2FDE /* CoverImageModel.swift */,
				71E864FC29115D3B000A2FDE /* AnimalModel.swift */,
				714ABFBA2911A32400767D11 /* VideoModel.swift */,
				714ABFC52911AF2A00767D11 /* LocationModel.swift */,
			);
			path = Model;
			sourceTree = "<group>";
		};
		71E864F729113EEA000A2FDE /* Extension */ = {
			isa = PBXGroup;
			children = (
				71E864F829113F04000A2FDE /* CodableBundleExtension.swift */,
			);
			path = Extension;
			sourceTree = "<group>";
		};
/* End PBXGroup section */

/* Begin PBXNativeTarget section */
		71E864B729112D08000A2FDE /* africa */ = {
			isa = PBXNativeTarget;
			buildConfigurationList = 71E864C629112D08000A2FDE /* Build configuration list for PBXNativeTarget "africa" */;
			buildPhases = (
				71E864B429112D08000A2FDE /* Sources */,
				71E864B529112D08000A2FDE /* Frameworks */,
				71E864B629112D08000A2FDE /* Resources */,
			);
			buildRules = (
			);
			dependencies = (
			);
			name = africa;
			productName = africa;
			productReference = 71E864B829112D08000A2FDE /* africa.app */;
			productType = "com.apple.product-type.application";
		};
/* End PBXNativeTarget section */

/* Begin PBXProject section */
		71E864B029112D08000A2FDE /* Project object */ = {
			isa = PBXProject;
			attributes = {
				BuildIndependentTargetsInParallel = 1;
				LastSwiftUpdateCheck = 1400;
				LastUpgradeCheck = 1400;
				TargetAttributes = {
					71E864B729112D08000A2FDE = {
						CreatedOnToolsVersion = 14.0.1;
					};
				};
			};
			buildConfigurationList = 71E864B329112D08000A2FDE /* Build configuration list for PBXProject "africa" */;
			compatibilityVersion = "Xcode 14.0";
			developmentRegion = en;
			hasScannedForEncodings = 0;
			knownRegions = (
				en,
				Base,
			);
			mainGroup = 71E864AF29112D08000A2FDE;
			productRefGroup = 71E864B929112D08000A2FDE /* Products */;
			projectDirPath = "";
			projectRoot = "";
			targets = (
				71E864B729112D08000A2FDE /* africa */,
			);
		};
/* End PBXProject section */

/* Begin PBXResourcesBuildPhase section */
		71E864B629112D08000A2FDE /* Resources */ = {
			isa = PBXResourcesBuildPhase;
			buildActionMask = 2147483647;
			files = (
				71E864E529112EC3000A2FDE /* animals.json in Resources */,
				71E864E429112EC3000A2FDE /* locations.json in Resources */,
				71E864E329112EC3000A2FDE /* covers.json in Resources */,
				71E864DD29112E95000A2FDE /* rhino.mp4 in Resources */,
				71E864D529112E95000A2FDE /* elephant.mp4 in Resources */,
				71E864DC29112E95000A2FDE /* hippo.mp4 in Resources */,
				71E864DA29112E95000A2FDE /* gorilla.mp4 in Resources */,
				71E864D829112E95000A2FDE /* ostrich.mp4 in Resources */,
				71E864D629112E95000A2FDE /* cheetah.mp4 in Resources */,
				71E864DB29112E95000A2FDE /* giraffe.mp4 in Resources */,
				71E864C329112D08000A2FDE /* Preview Assets.xcassets in Resources */,
				71E864D929112E95000A2FDE /* zebra.mp4 in Resources */,
				71E864D429112E95000A2FDE /* lion.mp4 in Resources */,
				71E864E629112EC3000A2FDE /* videos.json in Resources */,
				71E864C029112D08000A2FDE /* Assets.xcassets in Resources */,
				71E864D729112E95000A2FDE /* lioness.mp4 in Resources */,
			);
			runOnlyForDeploymentPostprocessing = 0;
		};
/* End PBXResourcesBuildPhase section */

/* Begin PBXSourcesBuildPhase section */
		71E864B429112D08000A2FDE /* Sources */ = {
			isa = PBXSourcesBuildPhase;
			buildActionMask = 2147483647;
			files = (
				71E8650929116FAC000A2FDE /* ExternalWeblinkView.swift in Sources */,
				71E864BE29112D08000A2FDE /* ContentView.swift in Sources */,
				71E864FB29115B9C000A2FDE /* AnimalListItemView.swift in Sources */,
				71E864F02911307E000A2FDE /* MainView.swift in Sources */,
				71E865052911681A000A2FDE /* InsetFactView.swift in Sources */,
				71E864F32911366E000A2FDE /* CoverImageView.swift in Sources */,
				71E864F629113A61000A2FDE /* CoverImageModel.swift in Sources */,
				71E864FF2911606C000A2FDE /* AnimalDetailView.swift in Sources */,
				71E864FD29115D3B000A2FDE /* AnimalModel.swift in Sources */,
				71E864EC29113049000A2FDE /* MapView.swift in Sources */,
				714ABFC42911ABCD00767D11 /* VideoPlayerHelper.swift in Sources */,
				71E8650729116AD9000A2FDE /* InsetMapView.swift in Sources */,
				71E864BC29112D08000A2FDE /* africaApp.swift in Sources */,
				71E864EA2911302A000A2FDE /* VideoListView.swift in Sources */,
				714ABFBB2911A32400767D11 /* VideoModel.swift in Sources */,
				71E864EE2911306A000A2FDE /* GalleryView.swift in Sources */,
				714ABFC62911AF2A00767D11 /* LocationModel.swift in Sources */,
				71E865032911630D000A2FDE /* InsetGalleryView.swift in Sources */,
				714ABFBD2911A37000767D11 /* VideoListItemView.swift in Sources */,
				71E864F929113F04000A2FDE /* CodableBundleExtension.swift in Sources */,
				71E8650129116243000A2FDE /* HeadingView.swift in Sources */,
				714ABFBF2911AAE500767D11 /* VideoPlayerView.swift in Sources */,
			);
			runOnlyForDeploymentPostprocessing = 0;
		};
/* End PBXSourcesBuildPhase section */

/* Begin XCBuildConfiguration section */
		71E864C429112D08000A2FDE /* Debug */ = {
			isa = XCBuildConfiguration;
			buildSettings = {
				ALWAYS_SEARCH_USER_PATHS = NO;
				CLANG_ANALYZER_NONNULL = YES;
				CLANG_ANALYZER_NUMBER_OBJECT_CONVERSION = YES_AGGRESSIVE;
				CLANG_CXX_LANGUAGE_STANDARD = "gnu++20";
				CLANG_ENABLE_MODULES = YES;
				CLANG_ENABLE_OBJC_ARC = YES;
				CLANG_ENABLE_OBJC_WEAK = YES;
				CLANG_WARN_BLOCK_CAPTURE_AUTORELEASING = YES;
				CLANG_WARN_BOOL_CONVERSION = YES;
				CLANG_WARN_COMMA = YES;
				CLANG_WARN_CONSTANT_CONVERSION = YES;
				CLANG_WARN_DEPRECATED_OBJC_IMPLEMENTATIONS = YES;
				CLANG_WARN_DIRECT_OBJC_ISA_USAGE = YES_ERROR;
				CLANG_WARN_DOCUMENTATION_COMMENTS = YES;
				CLANG_WARN_EMPTY_BODY = YES;
				CLANG_WARN_ENUM_CONVERSION = YES;
				CLANG_WARN_INFINITE_RECURSION = YES;
				CLANG_WARN_INT_CONVERSION = YES;
				CLANG_WARN_NON_LITERAL_NULL_CONVERSION = YES;
				CLANG_WARN_OBJC_IMPLICIT_RETAIN_SELF = YES;
				CLANG_WARN_OBJC_LITERAL_CONVERSION = YES;
				CLANG_WARN_OBJC_ROOT_CLASS = YES_ERROR;
				CLANG_WARN_QUOTED_INCLUDE_IN_FRAMEWORK_HEADER = YES;
				CLANG_WARN_RANGE_LOOP_ANALYSIS = YES;
				CLANG_WARN_STRICT_PROTOTYPES = YES;
				CLANG_WARN_SUSPICIOUS_MOVE = YES;
				CLANG_WARN_UNGUARDED_AVAILABILITY = YES_AGGRESSIVE;
				CLANG_WARN_UNREACHABLE_CODE = YES;
				CLANG_WARN__DUPLICATE_METHOD_MATCH = YES;
				COPY_PHASE_STRIP = NO;
				DEBUG_INFORMATION_FORMAT = dwarf;
				ENABLE_STRICT_OBJC_MSGSEND = YES;
				ENABLE_TESTABILITY = YES;
				GCC_C_LANGUAGE_STANDARD = gnu11;
				GCC_DYNAMIC_NO_PIC = NO;
				GCC_NO_COMMON_BLOCKS = YES;
				GCC_OPTIMIZATION_LEVEL = 0;
				GCC_PREPROCESSOR_DEFINITIONS = (
					"DEBUG=1",
					"$(inherited)",
				);
				GCC_WARN_64_TO_32_BIT_CONVERSION = YES;
				GCC_WARN_ABOUT_RETURN_TYPE = YES_ERROR;
				GCC_WARN_UNDECLARED_SELECTOR = YES;
				GCC_WARN_UNINITIALIZED_AUTOS = YES_AGGRESSIVE;
				GCC_WARN_UNUSED_FUNCTION = YES;
				GCC_WARN_UNUSED_VARIABLE = YES;
				IPHONEOS_DEPLOYMENT_TARGET = 16.0;
				MTL_ENABLE_DEBUG_INFO = INCLUDE_SOURCE;
				MTL_FAST_MATH = YES;
				ONLY_ACTIVE_ARCH = YES;
				SDKROOT = iphoneos;
				SWIFT_ACTIVE_COMPILATION_CONDITIONS = DEBUG;
				SWIFT_OPTIMIZATION_LEVEL = "-Onone";
			};
			name = Debug;
		};
		71E864C529112D08000A2FDE /* Release */ = {
			isa = XCBuildConfiguration;
			buildSettings = {
				ALWAYS_SEARCH_USER_PATHS = NO;
				CLANG_ANALYZER_NONNULL = YES;
				CLANG_ANALYZER_NUMBER_OBJECT_CONVERSION = YES_AGGRESSIVE;
				CLANG_CXX_LANGUAGE_STANDARD = "gnu++20";
				CLANG_ENABLE_MODULES = YES;
				CLANG_ENABLE_OBJC_ARC = YES;
				CLANG_ENABLE_OBJC_WEAK = YES;
				CLANG_WARN_BLOCK_CAPTURE_AUTORELEASING = YES;
				CLANG_WARN_BOOL_CONVERSION = YES;
				CLANG_WARN_COMMA = YES;
				CLANG_WARN_CONSTANT_CONVERSION = YES;
				CLANG_WARN_DEPRECATED_OBJC_IMPLEMENTATIONS = YES;
				CLANG_WARN_DIRECT_OBJC_ISA_USAGE = YES_ERROR;
				CLANG_WARN_DOCUMENTATION_COMMENTS = YES;
				CLANG_WARN_EMPTY_BODY = YES;
				CLANG_WARN_ENUM_CONVERSION = YES;
				CLANG_WARN_INFINITE_RECURSION = YES;
				CLANG_WARN_INT_CONVERSION = YES;
				CLANG_WARN_NON_LITERAL_NULL_CONVERSION = YES;
				CLANG_WARN_OBJC_IMPLICIT_RETAIN_SELF = YES;
				CLANG_WARN_OBJC_LITERAL_CONVERSION = YES;
				CLANG_WARN_OBJC_ROOT_CLASS = YES_ERROR;
				CLANG_WARN_QUOTED_INCLUDE_IN_FRAMEWORK_HEADER = YES;
				CLANG_WARN_RANGE_LOOP_ANALYSIS = YES;
				CLANG_WARN_STRICT_PROTOTYPES = YES;
				CLANG_WARN_SUSPICIOUS_MOVE = YES;
				CLANG_WARN_UNGUARDED_AVAILABILITY = YES_AGGRESSIVE;
				CLANG_WARN_UNREACHABLE_CODE = YES;
				CLANG_WARN__DUPLICATE_METHOD_MATCH = YES;
				COPY_PHASE_STRIP = NO;
				DEBUG_INFORMATION_FORMAT = "dwarf-with-dsym";
				ENABLE_NS_ASSERTIONS = NO;
				ENABLE_STRICT_OBJC_MSGSEND = YES;
				GCC_C_LANGUAGE_STANDARD = gnu11;
				GCC_NO_COMMON_BLOCKS = YES;
				GCC_WARN_64_TO_32_BIT_CONVERSION = YES;
				GCC_WARN_ABOUT_RETURN_TYPE = YES_ERROR;
				GCC_WARN_UNDECLARED_SELECTOR = YES;
				GCC_WARN_UNINITIALIZED_AUTOS = YES_AGGRESSIVE;
				GCC_WARN_UNUSED_FUNCTION = YES;
				GCC_WARN_UNUSED_VARIABLE = YES;
				IPHONEOS_DEPLOYMENT_TARGET = 16.0;
				MTL_ENABLE_DEBUG_INFO = NO;
				MTL_FAST_MATH = YES;
				SDKROOT = iphoneos;
				SWIFT_COMPILATION_MODE = wholemodule;
				SWIFT_OPTIMIZATION_LEVEL = "-O";
				VALIDATE_PRODUCT = YES;
			};
			name = Release;
		};
		71E864C729112D08000A2FDE /* Debug */ = {
			isa = XCBuildConfiguration;
			buildSettings = {
				ASSETCATALOG_COMPILER_APPICON_NAME = AppIcon;
				ASSETCATALOG_COMPILER_GLOBAL_ACCENT_COLOR_NAME = AccentColor;
				CODE_SIGN_STYLE = Automatic;
				CURRENT_PROJECT_VERSION = 1;
				DEVELOPMENT_ASSET_PATHS = "\"africa/Preview Content\"";
				DEVELOPMENT_TEAM = R4U22JU8U3;
				ENABLE_PREVIEWS = YES;
				GENERATE_INFOPLIST_FILE = YES;
				INFOPLIST_FILE = africa/Info.plist;
				INFOPLIST_KEY_UIApplicationSceneManifest_Generation = YES;
				INFOPLIST_KEY_UIApplicationSupportsIndirectInputEvents = YES;
				INFOPLIST_KEY_UISupportedInterfaceOrientations_iPad = "UIInterfaceOrientationPortrait UIInterfaceOrientationPortraitUpsideDown UIInterfaceOrientationLandscapeLeft UIInterfaceOrientationLandscapeRight";
				INFOPLIST_KEY_UISupportedInterfaceOrientations_iPhone = "UIInterfaceOrientationPortrait UIInterfaceOrientationLandscapeLeft UIInterfaceOrientationLandscapeRight";
				INFOPLIST_KEY_UIUserInterfaceStyle = Dark;
				LD_RUNPATH_SEARCH_PATHS = (
					"$(inherited)",
					"@executable_path/Frameworks",
				);
				MARKETING_VERSION = 1.0;
				PRODUCT_BUNDLE_IDENTIFIER = com.dejkoveci.africa;
				PRODUCT_NAME = "$(TARGET_NAME)";
				SWIFT_EMIT_LOC_STRINGS = YES;
				SWIFT_VERSION = 5.0;
				TARGETED_DEVICE_FAMILY = "1,2";
			};
			name = Debug;
		};
		71E864C829112D08000A2FDE /* Release */ = {
			isa = XCBuildConfiguration;
			buildSettings = {
				ASSETCATALOG_COMPILER_APPICON_NAME = AppIcon;
				ASSETCATALOG_COMPILER_GLOBAL_ACCENT_COLOR_NAME = AccentColor;
				CODE_SIGN_STYLE = Automatic;
				CURRENT_PROJECT_VERSION = 1;
				DEVELOPMENT_ASSET_PATHS = "\"africa/Preview Content\"";
				DEVELOPMENT_TEAM = R4U22JU8U3;
				ENABLE_PREVIEWS = YES;
				GENERATE_INFOPLIST_FILE = YES;
				INFOPLIST_FILE = africa/Info.plist;
				INFOPLIST_KEY_UIApplicationSceneManifest_Generation = YES;
				INFOPLIST_KEY_UIApplicationSupportsIndirectInputEvents = YES;
				INFOPLIST_KEY_UISupportedInterfaceOrientations_iPad = "UIInterfaceOrientationPortrait UIInterfaceOrientationPortraitUpsideDown UIInterfaceOrientationLandscapeLeft UIInterfaceOrientationLandscapeRight";
				INFOPLIST_KEY_UISupportedInterfaceOrientations_iPhone = "UIInterfaceOrientationPortrait UIInterfaceOrientationLandscapeLeft UIInterfaceOrientationLandscapeRight";
				INFOPLIST_KEY_UIUserInterfaceStyle = Dark;
				LD_RUNPATH_SEARCH_PATHS = (
					"$(inherited)",
					"@executable_path/Frameworks",
				);
				MARKETING_VERSION = 1.0;
				PRODUCT_BUNDLE_IDENTIFIER = com.dejkoveci.africa;
				PRODUCT_NAME = "$(TARGET_NAME)";
				SWIFT_EMIT_LOC_STRINGS = YES;
				SWIFT_VERSION = 5.0;
				TARGETED_DEVICE_FAMILY = "1,2";
			};
			name = Release;
		};
/* End XCBuildConfiguration section */

/* Begin XCConfigurationList section */
		71E864B329112D08000A2FDE /* Build configuration list for PBXProject "africa" */ = {
			isa = XCConfigurationList;
			buildConfigurations = (
				71E864C429112D08000A2FDE /* Debug */,
				71E864C529112D08000A2FDE /* Release */,
			);
			defaultConfigurationIsVisible = 0;
			defaultConfigurationName = Release;
		};
		71E864C629112D08000A2FDE /* Build configuration list for PBXNativeTarget "africa" */ = {
			isa = XCConfigurationList;
			buildConfigurations = (
				71E864C729112D08000A2FDE /* Debug */,
				71E864C829112D08000A2FDE /* Release */,
			);
			defaultConfigurationIsVisible = 0;
			defaultConfigurationName = Release;
		};
/* End XCConfigurationList section */
	};
	rootObject = 71E864B029112D08000A2FDE /* Project object */;
}
